hash: b2c61803983deb77d83454ab32ad119dfa22020e411d1080d9c76a9597fe94a2
updated: 2017-02-18T08:42:16.670808667-07:00
imports:
- name: github.com/armon/go-metrics
  version: 93f237eba9b0602f3e73710416558854a81d9337
- name: github.com/boltdb/bolt
  version: e9cf4fae01b5a8ff89d0ec6b32f0d9c9f79aefdd
- name: github.com/garyburd/redigo
  version: 8873b2f1995f59d4bcdd2b0dc9858e2cb9bf0c13
  subpackages:
  - internal
  - redis
- name: github.com/golang/snappy
  version: 553a641470496b2327abcac10b36396bd98e45c9
- name: github.com/hashicorp/go-msgpack
  version: fa3f63826f7c23912c15263591e65d54d080b458
  subpackages:
  - codec
- name: github.com/hashicorp/raft
  version: 5f09c4ffdbcd2a53768e78c47717415de12b6728
- name: github.com/syndtr/goleveldb
  version: 23851d93a2292dcc56e71a18ec9e0624d84a0f65
  subpackages:
  - leveldb
  - leveldb/cache
  - leveldb/comparer
  - leveldb/errors
  - leveldb/filter
  - leveldb/iterator
  - leveldb/journal
  - leveldb/memdb
  - leveldb/opt
  - leveldb/storage
  - leveldb/table
  - leveldb/util
- name: github.com/tidwall/finn
  version: a7509cd2c0eac255748e96cbf11b0343d6323016
- name: github.com/tidwall/match
  version: 173748da739a410c5b0b813b956f89ff94730b4c
- name: github.com/tidwall/raft-boltdb
  version: 25b87f2c567777bf5d12195b74aea260bae9dc68
- name: github.com/tidwall/raft-fastlog
  version: 2f0d0a0ce55888c2572c52faf0e13ce34f3bf388
- name: github.com/tidwall/raft-leveldb
  version: ada471496dc9ca9917f1abbf5625bb5dcba37381
- name: github.com/tidwall/raft-redcon
  version: 79c5e64fd86b2fa1c9deab1a1204586552516f05
- name: github.com/tidwall/redcon
  version: 8b15dea700da4e6a9e28d4ab6c1d2275efa3f2e6
- name: github.com/tidwall/redlog
  version: 550629ebbfa9925a73f69cce7cdd2e8dae52c713
- name: golang.org/x/crypto
  version: 453249f01cfeb54c3d549ddb75ff152ca243f9d8
  subpackages:
  - ssh/terminal
- name: golang.org/x/sys
  version: 075e574b89e4c2d22f2286a7e2b919519c6f3547
  subpackages:
  - unix
testImports: []
